
Microsoft Visual Studio Solution File, Format Version 12.00
# Visual Studio Version 17
VisualStudioVersion = 17.5.33627.172
MinimumVisualStudioVersion = 10.0.40219.1
Project("{9A19103F-16F7-4668-BE54-9A1E7A4F7556}") = "RTBlazor", "RTBlazor\RTBlazor.csproj", "{2BFD1A12-519A-4444-9FC2-2180E24BBD47}"
EndProject
Project("{9A19103F-16F7-4668-BE54-9A1E7A4F7556}") = "RTBlazorTests", "RTBlazorTests\RTBlazorTests.csproj", "{3BC5C706-B379-473E-9A76-1B101E28FEC5}"
EndProject
Global
	GlobalSection(SolutionConfigurationPlatforms) = preSolution
		Debug|Any CPU = Debug|Any CPU
		Release|Any CPU = Release|Any CPU
	EndGlobalSection
	GlobalSection(ProjectConfigurationPlatforms) = postSolution
		{2BFD1A12-519A-4444-9FC2-2180E24BBD47}.Debug|Any CPU.ActiveCfg = Debug|Any CPU
		{2BFD1A12-519A-4444-9FC2-2180E24BBD47}.Debug|Any CPU.Build.0 = Debug|Any CPU
		{2BFD1A12-519A-4444-9FC2-2180E24BBD47}.Release|Any CPU.ActiveCfg = Release|Any CPU
		{2BFD1A12-519A-4444-9FC2-2180E24BBD47}.Release|Any CPU.Build.0 = Release|Any CPU
		{3BC5C706-B379-473E-9A76-1B101E28FEC5}.Debug|Any CPU.ActiveCfg = Debug|Any CPU
		{3BC5C706-B379-473E-9A76-1B101E28FEC5}.Debug|Any CPU.Build.0 = Debug|Any CPU
		{3BC5C706-B379-473E-9A76-1B101E28FEC5}.Release|Any CPU.ActiveCfg = Release|Any CPU
		{3BC5C706-B379-473E-9A76-1B101E28FEC5}.Release|Any CPU.Build.0 = Release|Any CPU
	EndGlobalSection
	GlobalSection(SolutionProperties) = preSolution
		HideSolutionNode = FALSE
	EndGlobalSection
	GlobalSection(ExtensibilityGlobals) = postSolution
		SolutionGuid = {88DC011B-DFB8-4175-82ED-7AF140628771}
	EndGlobalSection
EndGlobal
